// !$*UTF8*$!
{
	archiveVersion = 1;
	classes = {
	};
	objectVersion = 50;
	objects = {

/* Begin PBXBuildFile section */
		B6D69C6822E004EF00C14C54 /* AppDelegate.swift in Sources */ = {isa = PBXBuildFile; fileRef = B6D69C6722E004EF00C14C54 /* AppDelegate.swift */; };
		B6D69C6A22E004EF00C14C54 /* ViewController.swift in Sources */ = {isa = PBXBuildFile; fileRef = B6D69C6922E004EF00C14C54 /* ViewController.swift */; };
		B6D69C6D22E004EF00C14C54 /* Main.storyboard in Resources */ = {isa = PBXBuildFile; fileRef = B6D69C6B22E004EF00C14C54 /* Main.storyboard */; };
		B6D69C6F22E004F100C14C54 /* Assets.xcassets in Resources */ = {isa = PBXBuildFile; fileRef = B6D69C6E22E004F100C14C54 /* Assets.xcassets */; };
		B6D69C7222E004F100C14C54 /* LaunchScreen.storyboard in Resources */ = {isa = PBXBuildFile; fileRef = B6D69C7022E004F100C14C54 /* LaunchScreen.storyboard */; };
		B6D69C7722E004F200C14C54 /* FlightDetailsWatchOS WatchKit App.app in Embed Watch Content */ = {isa = PBXBuildFile; fileRef = B6D69C7622E004F200C14C54 /* FlightDetailsWatchOS WatchKit App.app */; };
		B6D69C7D22E004F200C14C54 /* Interface.storyboard in Resources */ = {isa = PBXBuildFile; fileRef = B6D69C7B22E004F200C14C54 /* Interface.storyboard */; };
		B6D69C7F22E004F200C14C54 /* Assets.xcassets in Resources */ = {isa = PBXBuildFile; fileRef = B6D69C7E22E004F200C14C54 /* Assets.xcassets */; };
		B6D69C8622E004F300C14C54 /* FlightDetailsWatchOS WatchKit Extension.appex in Embed App Extensions */ = {isa = PBXBuildFile; fileRef = B6D69C8522E004F300C14C54 /* FlightDetailsWatchOS WatchKit Extension.appex */; settings = {ATTRIBUTES = (RemoveHeadersOnCopy, ); }; };
		B6D69C8B22E004F300C14C54 /* InterfaceController.swift in Sources */ = {isa = PBXBuildFile; fileRef = B6D69C8A22E004F300C14C54 /* InterfaceController.swift */; };
		B6D69C8D22E004F300C14C54 /* ExtensionDelegate.swift in Sources */ = {isa = PBXBuildFile; fileRef = B6D69C8C22E004F300C14C54 /* ExtensionDelegate.swift */; };
		B6D69C8F22E004F300C14C54 /* Assets.xcassets in Resources */ = {isa = PBXBuildFile; fileRef = B6D69C8E22E004F300C14C54 /* Assets.xcassets */; };
		B6D69CC922E01C3200C14C54 /* Flights.json in Resources */ = {isa = PBXBuildFile; fileRef = B6D69CC722E01C3200C14C54 /* Flights.json */; };
		B6D69CCA22E01C3200C14C54 /* Flight.swift in Sources */ = {isa = PBXBuildFile; fileRef = B6D69CC822E01C3200C14C54 /* Flight.swift */; };
		B6D69CCC22E01F6C00C14C54 /* Flight2.jpg in Resources */ = {isa = PBXBuildFile; fileRef = B6D69CCB22E01F6C00C14C54 /* Flight2.jpg */; };
		B6D69CD122E021A000C14C54 /* ScheduleInterfaceController.swift in Sources */ = {isa = PBXBuildFile; fileRef = B6D69CD022E021A000C14C54 /* ScheduleInterfaceController.swift */; };
		B6D69CD222E0243C00C14C54 /* Interface.storyboard in Resources */ = {isa = PBXBuildFile; fileRef = B6D69C7B22E004F200C14C54 /* Interface.storyboard */; };
/* End PBXBuildFile section */

/* Begin PBXContainerItemProxy section */
		B6D69C7822E004F200C14C54 /* PBXContainerItemProxy */ = {
			isa = PBXContainerItemProxy;
			containerPortal = B6D69C5C22E004EF00C14C54 /* Project object */;
			proxyType = 1;
			remoteGlobalIDString = B6D69C7522E004F200C14C54;
			remoteInfo = "FlightDetailsWatchOS WatchKit App";
		};
		B6D69C8722E004F300C14C54 /* PBXContainerItemProxy */ = {
			isa = PBXContainerItemProxy;
			containerPortal = B6D69C5C22E004EF00C14C54 /* Project object */;
			proxyType = 1;
			remoteGlobalIDString = B6D69C8422E004F300C14C54;
			remoteInfo = "FlightDetailsWatchOS WatchKit Extension";
		};
/* End PBXContainerItemProxy section */

/* Begin PBXCopyFilesBuildPhase section */
		B6D69C9622E004F300C14C54 /* Embed App Extensions */ = {
			isa = PBXCopyFilesBuildPhase;
			buildActionMask = 2147483647;
			dstPath = "";
			dstSubfolderSpec = 13;
			files = (
				B6D69C8622E004F300C14C54 /* FlightDetailsWatchOS WatchKit Extension.appex in Embed App Extensions */,
			);
			name = "Embed App Extensions";
			runOnlyForDeploymentPostprocessing = 0;
		};
		B6D69C9A22E004F300C14C54 /* Embed Watch Content */ = {
			isa = PBXCopyFilesBuildPhase;
			buildActionMask = 2147483647;
			dstPath = "$(CONTENTS_FOLDER_PATH)/Watch";
			dstSubfolderSpec = 16;
			files = (
				B6D69C7722E004F200C14C54 /* FlightDetailsWatchOS WatchKit App.app in Embed Watch Content */,
			);
			name = "Embed Watch Content";
			runOnlyForDeploymentPostprocessing = 0;
		};
/* End PBXCopyFilesBuildPhase section */

/* Begin PBXFileReference section */
		B6D69C6422E004EF00C14C54 /* FlightDetailsWatchOS.app */ = {isa = PBXFileReference; explicitFileType = wrapper.application; includeInIndex = 0; path = FlightDetailsWatchOS.app; sourceTree = BUILT_PRODUCTS_DIR; };
		B6D69C6722E004EF00C14C54 /* AppDelegate.swift */ = {isa = PBXFileReference; lastKnownFileType = sourcecode.swift; path = AppDelegate.swift; sourceTree = "<group>"; };
		B6D69C6922E004EF00C14C54 /* ViewController.swift */ = {isa = PBXFileReference; lastKnownFileType = sourcecode.swift; path = ViewController.swift; sourceTree = "<group>"; };
		B6D69C6C22E004EF00C14C54 /* Base */ = {isa = PBXFileReference; lastKnownFileType = file.storyboard; name = Base; path = Base.lproj/Main.storyboard; sourceTree = "<group>"; };
		B6D69C6E22E004F100C14C54 /* Assets.xcassets */ = {isa = PBXFileReference; lastKnownFileType = folder.assetcatalog; path = Assets.xcassets; sourceTree = "<group>"; };
		B6D69C7122E004F100C14C54 /* Base */ = {isa = PBXFileReference; lastKnownFileType = file.storyboard; name = Base; path = Base.lproj/LaunchScreen.storyboard; sourceTree = "<group>"; };
		B6D69C7322E004F100C14C54 /* Info.plist */ = {isa = PBXFileReference; lastKnownFileType = text.plist.xml; path = Info.plist; sourceTree = "<group>"; };
		B6D69C7622E004F200C14C54 /* FlightDetailsWatchOS WatchKit App.app */ = {isa = PBXFileReference; explicitFileType = wrapper.application; includeInIndex = 0; path = "FlightDetailsWatchOS WatchKit App.app"; sourceTree = BUILT_PRODUCTS_DIR; };
		B6D69C7C22E004F200C14C54 /* Base */ = {isa = PBXFileReference; lastKnownFileType = file.storyboard; name = Base; path = Base.lproj/Interface.storyboard; sourceTree = "<group>"; };
		B6D69C7E22E004F200C14C54 /* Assets.xcassets */ = {isa = PBXFileReference; lastKnownFileType = folder.assetcatalog; path = Assets.xcassets; sourceTree = "<group>"; };
		B6D69C8022E004F200C14C54 /* Info.plist */ = {isa = PBXFileReference; lastKnownFileType = text.plist.xml; path = Info.plist; sourceTree = "<group>"; };
		B6D69C8522E004F300C14C54 /* FlightDetailsWatchOS WatchKit Extension.appex */ = {isa = PBXFileReference; explicitFileType = "wrapper.app-extension"; includeInIndex = 0; path = "FlightDetailsWatchOS WatchKit Extension.appex"; sourceTree = BUILT_PRODUCTS_DIR; };
		B6D69C8A22E004F300C14C54 /* InterfaceController.swift */ = {isa = PBXFileReference; lastKnownFileType = sourcecode.swift; path = InterfaceController.swift; sourceTree = "<group>"; };
		B6D69C8C22E004F300C14C54 /* ExtensionDelegate.swift */ = {isa = PBXFileReference; lastKnownFileType = sourcecode.swift; path = ExtensionDelegate.swift; sourceTree = "<group>"; };
		B6D69C8E22E004F300C14C54 /* Assets.xcassets */ = {isa = PBXFileReference; lastKnownFileType = folder.assetcatalog; path = Assets.xcassets; sourceTree = "<group>"; };
		B6D69C9022E004F300C14C54 /* Info.plist */ = {isa = PBXFileReference; lastKnownFileType = text.plist.xml; path = Info.plist; sourceTree = "<group>"; };
		B6D69CC722E01C3200C14C54 /* Flights.json */ = {isa = PBXFileReference; fileEncoding = 4; lastKnownFileType = text.json; path = Flights.json; sourceTree = "<group>"; };
		B6D69CC822E01C3200C14C54 /* Flight.swift */ = {isa = PBXFileReference; fileEncoding = 4; lastKnownFileType = sourcecode.swift; path = Flight.swift; sourceTree = "<group>"; };
		B6D69CCB22E01F6C00C14C54 /* Flight2.jpg */ = {isa = PBXFileReference; lastKnownFileType = image.jpeg; name = Flight2.jpg; path = ../../../../../Desktop/Flight2.jpg; sourceTree = "<group>"; };
		B6D69CD022E021A000C14C54 /* ScheduleInterfaceController.swift */ = {isa = PBXFileReference; lastKnownFileType = sourcecode.swift; path = ScheduleInterfaceController.swift; sourceTree = "<group>"; };
/* End PBXFileReference section */

/* Begin PBXFrameworksBuildPhase section */
		B6D69C6122E004EF00C14C54 /* Frameworks */ = {
			isa = PBXFrameworksBuildPhase;
			buildActionMask = 2147483647;
			files = (
			);
			runOnlyForDeploymentPostprocessing = 0;
		};
		B6D69C8222E004F300C14C54 /* Frameworks */ = {
			isa = PBXFrameworksBuildPhase;
			buildActionMask = 2147483647;
			files = (
			);
			runOnlyForDeploymentPostprocessing = 0;
		};
/* End PBXFrameworksBuildPhase section */

/* Begin PBXGroup section */
		B6D69C5B22E004EF00C14C54 = {
			isa = PBXGroup;
			children = (
				B6D69CC622E01C3200C14C54 /* Shared */,
				B6D69C6622E004EF00C14C54 /* FlightDetailsWatchOS */,
				B6D69C7A22E004F200C14C54 /* FlightDetailsWatchOS WatchKit App */,
				B6D69C8922E004F300C14C54 /* FlightDetailsWatchOS WatchKit Extension */,
				B6D69C6522E004EF00C14C54 /* Products */,
			);
			sourceTree = "<group>";
		};
		B6D69C6522E004EF00C14C54 /* Products */ = {
			isa = PBXGroup;
			children = (
				B6D69C6422E004EF00C14C54 /* FlightDetailsWatchOS.app */,
				B6D69C7622E004F200C14C54 /* FlightDetailsWatchOS WatchKit App.app */,
				B6D69C8522E004F300C14C54 /* FlightDetailsWatchOS WatchKit Extension.appex */,
			);
			name = Products;
			sourceTree = "<group>";
		};
		B6D69C6622E004EF00C14C54 /* FlightDetailsWatchOS */ = {
			isa = PBXGroup;
			children = (
				B6D69C6722E004EF00C14C54 /* AppDelegate.swift */,
				B6D69C6922E004EF00C14C54 /* ViewController.swift */,
				B6D69C6B22E004EF00C14C54 /* Main.storyboard */,
				B6D69C6E22E004F100C14C54 /* Assets.xcassets */,
				B6D69CCB22E01F6C00C14C54 /* Flight2.jpg */,
				B6D69C7022E004F100C14C54 /* LaunchScreen.storyboard */,
				B6D69C7322E004F100C14C54 /* Info.plist */,
			);
			path = FlightDetailsWatchOS;
			sourceTree = "<group>";
		};
		B6D69C7A22E004F200C14C54 /* FlightDetailsWatchOS WatchKit App */ = {
			isa = PBXGroup;
			children = (
				B6D69C7B22E004F200C14C54 /* Interface.storyboard */,
				B6D69C7E22E004F200C14C54 /* Assets.xcassets */,
				B6D69C8022E004F200C14C54 /* Info.plist */,
			);
			path = "FlightDetailsWatchOS WatchKit App";
			sourceTree = "<group>";
		};
		B6D69C8922E004F300C14C54 /* FlightDetailsWatchOS WatchKit Extension */ = {
			isa = PBXGroup;
			children = (
				B6D69C8A22E004F300C14C54 /* InterfaceController.swift */,
				B6D69C8C22E004F300C14C54 /* ExtensionDelegate.swift */,
				B6D69CD022E021A000C14C54 /* ScheduleInterfaceController.swift */,
				B6D69C8E22E004F300C14C54 /* Assets.xcassets */,
				B6D69C9022E004F300C14C54 /* Info.plist */,
			);
			path = "FlightDetailsWatchOS WatchKit Extension";
			sourceTree = "<group>";
		};
		B6D69CC622E01C3200C14C54 /* Shared */ = {
			isa = PBXGroup;
			children = (
				B6D69CC722E01C3200C14C54 /* Flights.json */,
				B6D69CC822E01C3200C14C54 /* Flight.swift */,
			);
			path = Shared;
			sourceTree = "<group>";
		};
/* End PBXGroup section */

/* Begin PBXNativeTarget section */
		B6D69C6322E004EF00C14C54 /* FlightDetailsWatchOS */ = {
			isa = PBXNativeTarget;
			buildConfigurationList = B6D69C9B22E004F300C14C54 /* Build configuration list for PBXNativeTarget "FlightDetailsWatchOS" */;
			buildPhases = (
				B6D69C6022E004EF00C14C54 /* Sources */,
				B6D69C6122E004EF00C14C54 /* Frameworks */,
				B6D69C6222E004EF00C14C54 /* Resources */,
				B6D69C9A22E004F300C14C54 /* Embed Watch Content */,
			);
			buildRules = (
			);
			dependencies = (
				B6D69C7922E004F200C14C54 /* PBXTargetDependency */,
			);
			name = FlightDetailsWatchOS;
			productName = FlightDetailsWatchOS;
			productReference = B6D69C6422E004EF00C14C54 /* FlightDetailsWatchOS.app */;
			productType = "com.apple.product-type.application";
		};
		B6D69C7522E004F200C14C54 /* FlightDetailsWatchOS WatchKit App */ = {
			isa = PBXNativeTarget;
			buildConfigurationList = B6D69C9722E004F300C14C54 /* Build configuration list for PBXNativeTarget "FlightDetailsWatchOS WatchKit App" */;
			buildPhases = (
				B6D69C7422E004F200C14C54 /* Resources */,
				B6D69C9622E004F300C14C54 /* Embed App Extensions */,
			);
			buildRules = (
			);
			dependencies = (
				B6D69C8822E004F300C14C54 /* PBXTargetDependency */,
			);
			name = "FlightDetailsWatchOS WatchKit App";
			productName = "FlightDetailsWatchOS WatchKit App";
			productReference = B6D69C7622E004F200C14C54 /* FlightDetailsWatchOS WatchKit App.app */;
			productType = "com.apple.product-type.application.watchapp2";
		};
		B6D69C8422E004F300C14C54 /* FlightDetailsWatchOS WatchKit Extension */ = {
			isa = PBXNativeTarget;
			buildConfigurationList = B6D69C9322E004F300C14C54 /* Build configuration list for PBXNativeTarget "FlightDetailsWatchOS WatchKit Extension" */;
			buildPhases = (
				B6D69C8122E004F300C14C54 /* Sources */,
				B6D69C8222E004F300C14C54 /* Frameworks */,
				B6D69C8322E004F300C14C54 /* Resources */,
			);
			buildRules = (
			);
			dependencies = (
			);
			name = "FlightDetailsWatchOS WatchKit Extension";
			productName = "FlightDetailsWatchOS WatchKit Extension";
			productReference = B6D69C8522E004F300C14C54 /* FlightDetailsWatchOS WatchKit Extension.appex */;
			productType = "com.apple.product-type.watchkit2-extension";
		};
/* End PBXNativeTarget section */

/* Begin PBXProject section */
		B6D69C5C22E004EF00C14C54 /* Project object */ = {
			isa = PBXProject;
			attributes = {
				LastSwiftUpdateCheck = 1020;
				LastUpgradeCheck = 1020;
				ORGANIZATIONNAME = "Dinesh Danda";
				TargetAttributes = {
					B6D69C6322E004EF00C14C54 = {
						CreatedOnToolsVersion = 10.2.1;
					};
					B6D69C7522E004F200C14C54 = {
						CreatedOnToolsVersion = 10.2.1;
					};
					B6D69C8422E004F300C14C54 = {
						CreatedOnToolsVersion = 10.2.1;
					};
				};
			};
			buildConfigurationList = B6D69C5F22E004EF00C14C54 /* Build configuration list for PBXProject "FlightDetailsWatchOS" */;
			compatibilityVersion = "Xcode 9.3";
			developmentRegion = en;
			hasScannedForEncodings = 0;
			knownRegions = (
				en,
				Base,
			);
			mainGroup = B6D69C5B22E004EF00C14C54;
			productRefGroup = B6D69C6522E004EF00C14C54 /* Products */;
			projectDirPath = "";
			projectRoot = "";
			targets = (
				B6D69C6322E004EF00C14C54 /* FlightDetailsWatchOS */,
				B6D69C7522E004F200C14C54 /* FlightDetailsWatchOS WatchKit App */,
				B6D69C8422E004F300C14C54 /* FlightDetailsWatchOS WatchKit Extension */,
			);
		};
/* End PBXProject section */

/* Begin PBXResourcesBuildPhase section */
		B6D69C6222E004EF00C14C54 /* Resources */ = {
			isa = PBXResourcesBuildPhase;
			buildActionMask = 2147483647;
			files = (
				B6D69C7222E004F100C14C54 /* LaunchScreen.storyboard in Resources */,
				B6D69C6F22E004F100C14C54 /* Assets.xcassets in Resources */,
				B6D69CCC22E01F6C00C14C54 /* Flight2.jpg in Resources */,
				B6D69C6D22E004EF00C14C54 /* Main.storyboard in Resources */,
			);
			runOnlyForDeploymentPostprocessing = 0;
		};
		B6D69C7422E004F200C14C54 /* Resources */ = {
			isa = PBXResourcesBuildPhase;
			buildActionMask = 2147483647;
			files = (
				B6D69C7F22E004F200C14C54 /* Assets.xcassets in Resources */,
				B6D69C7D22E004F200C14C54 /* Interface.storyboard in Resources */,
			);
			runOnlyForDeploymentPostprocessing = 0;
		};
		B6D69C8322E004F300C14C54 /* Resources */ = {
			isa = PBXResourcesBuildPhase;
			buildActionMask = 2147483647;
			files = (
				B6D69C8F22E004F300C14C54 /* Assets.xcassets in Resources */,
				B6D69CD222E0243C00C14C54 /* Interface.storyboard in Resources */,
				B6D69CC922E01C3200C14C54 /* Flights.json in Resources */,
			);
			runOnlyForDeploymentPostprocessing = 0;
		};
/* End PBXResourcesBuildPhase section */

/* Begin PBXSourcesBuildPhase section */
		B6D69C6022E004EF00C14C54 /* Sources */ = {
			isa = PBXSourcesBuildPhase;
			buildActionMask = 2147483647;
			files = (
				B6D69C6A22E004EF00C14C54 /* ViewController.swift in Sources */,
				B6D69C6822E004EF00C14C54 /* AppDelegate.swift in Sources */,
			);
			runOnlyForDeploymentPostprocessing = 0;
		};
		B6D69C8122E004F300C14C54 /* Sources */ = {
			isa = PBXSourcesBuildPhase;
			buildActionMask = 2147483647;
			files = (
				B6D69CCA22E01C3200C14C54 /* Flight.swift in Sources */,
				B6D69C8D22E004F300C14C54 /* ExtensionDelegate.swift in Sources */,
				B6D69CD122E021A000C14C54 /* ScheduleInterfaceController.swift in Sources */,
				B6D69C8B22E004F300C14C54 /* InterfaceController.swift in Sources */,
			);
			runOnlyForDeploymentPostprocessing = 0;
		};
/* End PBXSourcesBuildPhase section */

/* Begin PBXTargetDependency section */
		B6D69C7922E004F200C14C54 /* PBXTargetDependency */ = {
			isa = PBXTargetDependency;
			target = B6D69C7522E004F200C14C54 /* FlightDetailsWatchOS WatchKit App */;
			targetProxy = B6D69C7822E004F200C14C54 /* PBXContainerItemProxy */;
		};
		B6D69C8822E004F300C14C54 /* PBXTargetDependency */ = {
			isa = PBXTargetDependency;
			target = B6D69C8422E004F300C14C54 /* FlightDetailsWatchOS WatchKit Extension */;
			targetProxy = B6D69C8722E004F300C14C54 /* PBXContainerItemProxy */;
		};
/* End PBXTargetDependency section */

/* Begin PBXVariantGroup section */
		B6D69C6B22E004EF00C14C54 /* Main.storyboard */ = {
			isa = PBXVariantGroup;
			children = (
				B6D69C6C22E004EF00C14C54 /* Base */,
			);
			name = Main.storyboard;
			sourceTree = "<group>";
		};
		B6D69C7022E004F100C14C54 /* LaunchScreen.storyboard */ = {
			isa = PBXVariantGroup;
			children = (
				B6D69C7122E004F100C14C54 /* Base */,
			);
			name = LaunchScreen.storyboard;
			sourceTree = "<group>";
		};
		B6D69C7B22E004F200C14C54 /* Interface.storyboard */ = {
			isa = PBXVariantGroup;
			children = (
				B6D69C7C22E004F200C14C54 /* Base */,
			);
			name = Interface.storyboard;
			sourceTree = "<group>";
		};
/* End PBXVariantGroup section */

/* Begin XCBuildConfiguration section */
		B6D69C9122E004F300C14C54 /* Debug */ = {
			isa = XCBuildConfiguration;
			buildSettings = {
				ALWAYS_SEARCH_USER_PATHS = NO;
				CLANG_ANALYZER_NONNULL = YES;
				CLANG_ANALYZER_NUMBER_OBJECT_CONVERSION = YES_AGGRESSIVE;
				CLANG_CXX_LANGUAGE_STANDARD = "gnu++14";
				CLANG_CXX_LIBRARY = "libc++";
				CLANG_ENABLE_MODULES = YES;
				CLANG_ENABLE_OBJC_ARC = YES;
				CLANG_ENABLE_OBJC_WEAK = YES;
				CLANG_WARN_BLOCK_CAPTURE_AUTORELEASING = YES;
				CLANG_WARN_BOOL_CONVERSION = YES;
				CLANG_WARN_COMMA = YES;
				CLANG_WARN_CONSTANT_CONVERSION = YES;
				CLANG_WARN_DEPRECATED_OBJC_IMPLEMENTATIONS = YES;
				CLANG_WARN_DIRECT_OBJC_ISA_USAGE = YES_ERROR;
				CLANG_WARN_DOCUMENTATION_COMMENTS = YES;
				CLANG_WARN_EMPTY_BODY = YES;
				CLANG_WARN_ENUM_CONVERSION = YES;
				CLANG_WARN_INFINITE_RECURSION = YES;
				CLANG_WARN_INT_CONVERSION = YES;
				CLANG_WARN_NON_LITERAL_NULL_CONVERSION = YES;
				CLANG_WARN_OBJC_IMPLICIT_RETAIN_SELF = YES;
				CLANG_WARN_OBJC_LITERAL_CONVERSION = YES;
				CLANG_WARN_OBJC_ROOT_CLASS = YES_ERROR;
				CLANG_WARN_RANGE_LOOP_ANALYSIS = YES;
				CLANG_WARN_STRICT_PROTOTYPES = YES;
				CLANG_WARN_SUSPICIOUS_MOVE = YES;
				CLANG_WARN_UNGUARDED_AVAILABILITY = YES_AGGRESSIVE;
				CLANG_WARN_UNREACHABLE_CODE = YES;
				CLANG_WARN__DUPLICATE_METHOD_MATCH = YES;
				CODE_SIGN_IDENTITY = "iPhone Developer";
				COPY_PHASE_STRIP = NO;
				DEBUG_INFORMATION_FORMAT = dwarf;
				ENABLE_STRICT_OBJC_MSGSEND = YES;
				ENABLE_TESTABILITY = YES;
				GCC_C_LANGUAGE_STANDARD = gnu11;
				GCC_DYNAMIC_NO_PIC = NO;
				GCC_NO_COMMON_BLOCKS = YES;
				GCC_OPTIMIZATION_LEVEL = 0;
				GCC_PREPROCESSOR_DEFINITIONS = (
					"DEBUG=1",
					"$(inherited)",
				);
				GCC_WARN_64_TO_32_BIT_CONVERSION = YES;
				GCC_WARN_ABOUT_RETURN_TYPE = YES_ERROR;
				GCC_WARN_UNDECLARED_SELECTOR = YES;
				GCC_WARN_UNINITIALIZED_AUTOS = YES_AGGRESSIVE;
				GCC_WARN_UNUSED_FUNCTION = YES;
				GCC_WARN_UNUSED_VARIABLE = YES;
				IPHONEOS_DEPLOYMENT_TARGET = 12.2;
				MTL_ENABLE_DEBUG_INFO = INCLUDE_SOURCE;
				MTL_FAST_MATH = YES;
				ONLY_ACTIVE_ARCH = YES;
				SDKROOT = iphoneos;
				SWIFT_ACTIVE_COMPILATION_CONDITIONS = DEBUG;
				SWIFT_OPTIMIZATION_LEVEL = "-Onone";
			};
			name = Debug;
		};
		B6D69C9222E004F300C14C54 /* Release */ = {
			isa = XCBuildConfiguration;
			buildSettings = {
				ALWAYS_SEARCH_USER_PATHS = NO;
				CLANG_ANALYZER_NONNULL = YES;
				CLANG_ANALYZER_NUMBER_OBJECT_CONVERSION = YES_AGGRESSIVE;
				CLANG_CXX_LANGUAGE_STANDARD = "gnu++14";
				CLANG_CXX_LIBRARY = "libc++";
				CLANG_ENABLE_MODULES = YES;
				CLANG_ENABLE_OBJC_ARC = YES;
				CLANG_ENABLE_OBJC_WEAK = YES;
				CLANG_WARN_BLOCK_CAPTURE_AUTORELEASING = YES;
				CLANG_WARN_BOOL_CONVERSION = YES;
				CLANG_WARN_COMMA = YES;
				CLANG_WARN_CONSTANT_CONVERSION = YES;
				CLANG_WARN_DEPRECATED_OBJC_IMPLEMENTATIONS = YES;
				CLANG_WARN_DIRECT_OBJC_ISA_USAGE = YES_ERROR;
				CLANG_WARN_DOCUMENTATION_COMMENTS = YES;
				CLANG_WARN_EMPTY_BODY = YES;
				CLANG_WARN_ENUM_CONVERSION = YES;
				CLANG_WARN_INFINITE_RECURSION = YES;
				CLANG_WARN_INT_CONVERSION = YES;
				CLANG_WARN_NON_LITERAL_NULL_CONVERSION = YES;
				CLANG_WARN_OBJC_IMPLICIT_RETAIN_SELF = YES;
				CLANG_WARN_OBJC_LITERAL_CONVERSION = YES;
				CLANG_WARN_OBJC_ROOT_CLASS = YES_ERROR;
				CLANG_WARN_RANGE_LOOP_ANALYSIS = YES;
				CLANG_WARN_STRICT_PROTOTYPES = YES;
				CLANG_WARN_SUSPICIOUS_MOVE = YES;
				CLANG_WARN_UNGUARDED_AVAILABILITY = YES_AGGRESSIVE;
				CLANG_WARN_UNREACHABLE_CODE = YES;
				CLANG_WARN__DUPLICATE_METHOD_MATCH = YES;
				CODE_SIGN_IDENTITY = "iPhone Developer";
				COPY_PHASE_STRIP = NO;
				DEBUG_INFORMATION_FORMAT = "dwarf-with-dsym";
				ENABLE_NS_ASSERTIONS = NO;
				ENABLE_STRICT_OBJC_MSGSEND = YES;
				GCC_C_LANGUAGE_STANDARD = gnu11;
				GCC_NO_COMMON_BLOCKS = YES;
				GCC_WARN_64_TO_32_BIT_CONVERSION = YES;
				GCC_WARN_ABOUT_RETURN_TYPE = YES_ERROR;
				GCC_WARN_UNDECLARED_SELECTOR = YES;
				GCC_WARN_UNINITIALIZED_AUTOS = YES_AGGRESSIVE;
				GCC_WARN_UNUSED_FUNCTION = YES;
				GCC_WARN_UNUSED_VARIABLE = YES;
				IPHONEOS_DEPLOYMENT_TARGET = 12.2;
				MTL_ENABLE_DEBUG_INFO = NO;
				MTL_FAST_MATH = YES;
				SDKROOT = iphoneos;
				SWIFT_COMPILATION_MODE = wholemodule;
				SWIFT_OPTIMIZATION_LEVEL = "-O";
				VALIDATE_PRODUCT = YES;
			};
			name = Release;
		};
		B6D69C9422E004F300C14C54 /* Debug */ = {
			isa = XCBuildConfiguration;
			buildSettings = {
				ASSETCATALOG_COMPILER_COMPLICATION_NAME = Complication;
				CODE_SIGN_STYLE = Automatic;
				DEVELOPMENT_TEAM = EEGRNAPU89;
				INFOPLIST_FILE = "FlightDetailsWatchOS WatchKit Extension/Info.plist";
				LD_RUNPATH_SEARCH_PATHS = (
					"$(inherited)",
					"@executable_path/Frameworks",
					"@executable_path/../../Frameworks",
				);
				PRODUCT_BUNDLE_IDENTIFIER = com.FlightDetailsWatchOS.watchkitapp.watchkitextension;
				PRODUCT_NAME = "${TARGET_NAME}";
				SDKROOT = watchos;
				SKIP_INSTALL = YES;
				SWIFT_VERSION = 5.0;
				TARGETED_DEVICE_FAMILY = 4;
				WATCHOS_DEPLOYMENT_TARGET = 5.2;
			};
			name = Debug;
		};
		B6D69C9522E004F300C14C54 /* Release */ = {
			isa = XCBuildConfiguration;
			buildSettings = {
				ASSETCATALOG_COMPILER_COMPLICATION_NAME = Complication;
				CODE_SIGN_STYLE = Automatic;
				DEVELOPMENT_TEAM = EEGRNAPU89;
				INFOPLIST_FILE = "FlightDetailsWatchOS WatchKit Extension/Info.plist";
				LD_RUNPATH_SEARCH_PATHS = (
					"$(inherited)",
					"@executable_path/Frameworks",
					"@executable_path/../../Frameworks",
				);
				PRODUCT_BUNDLE_IDENTIFIER = com.FlightDetailsWatchOS.watchkitapp.watchkitextension;
				PRODUCT_NAME = "${TARGET_NAME}";
				SDKROOT = watchos;
				SKIP_INSTALL = YES;
				SWIFT_VERSION = 5.0;
				TARGETED_DEVICE_FAMILY = 4;
				WATCHOS_DEPLOYMENT_TARGET = 5.2;
			};
			name = Release;
		};
		B6D69C9822E004F300C14C54 /* Debug */ = {
			isa = XCBuildConfiguration;
			buildSettings = {
				ALWAYS_EMBED_SWIFT_STANDARD_LIBRARIES = YES;
				ASSETCATALOG_COMPILER_APPICON_NAME = AppIcon;
				CODE_SIGN_STYLE = Automatic;
				DEVELOPMENT_TEAM = EEGRNAPU89;
				IBSC_MODULE = FlightDetailsWatchOS_WatchKit_Extension;
				INFOPLIST_FILE = "FlightDetailsWatchOS WatchKit App/Info.plist";
				PRODUCT_BUNDLE_IDENTIFIER = com.FlightDetailsWatchOS.watchkitapp;
				PRODUCT_NAME = "$(TARGET_NAME)";
				SDKROOT = watchos;
				SKIP_INSTALL = YES;
				SWIFT_VERSION = 5.0;
				TARGETED_DEVICE_FAMILY = 4;
				WATCHOS_DEPLOYMENT_TARGET = 5.2;
			};
			name = Debug;
		};
		B6D69C9922E004F300C14C54 /* Release */ = {
			isa = XCBuildConfiguration;
			buildSettings = {
				ALWAYS_EMBED_SWIFT_STANDARD_LIBRARIES = YES;
				ASSETCATALOG_COMPILER_APPICON_NAME = AppIcon;
				CODE_SIGN_STYLE = Automatic;
				DEVELOPMENT_TEAM = EEGRNAPU89;
				IBSC_MODULE = FlightDetailsWatchOS_WatchKit_Extension;
				INFOPLIST_FILE = "FlightDetailsWatchOS WatchKit App/Info.plist";
				PRODUCT_BUNDLE_IDENTIFIER = com.FlightDetailsWatchOS.watchkitapp;
				PRODUCT_NAME = "$(TARGET_NAME)";
				SDKROOT = watchos;
				SKIP_INSTALL = YES;
				SWIFT_VERSION = 5.0;
				TARGETED_DEVICE_FAMILY = 4;
				WATCHOS_DEPLOYMENT_TARGET = 5.2;
			};
			name = Release;
		};
		B6D69C9C22E004F300C14C54 /* Debug */ = {
			isa = XCBuildConfiguration;
			buildSettings = {
				ASSETCATALOG_COMPILER_APPICON_NAME = AppIcon;
				CODE_SIGN_STYLE = Automatic;
				DEVELOPMENT_TEAM = EEGRNAPU89;
				INFOPLIST_FILE = FlightDetailsWatchOS/Info.plist;
				LD_RUNPATH_SEARCH_PATHS = (
					"$(inherited)",
					"@executable_path/Frameworks",
				);
				PRODUCT_BUNDLE_IDENTIFIER = com.FlightDetailsWatchOS;
				PRODUCT_NAME = "$(TARGET_NAME)";
				SWIFT_VERSION = 5.0;
				TARGETED_DEVICE_FAMILY = "1,2";
			};
			name = Debug;
		};
		B6D69C9D22E004F300C14C54 /* Release */ = {
			isa = XCBuildConfiguration;
			buildSettings = {
				ASSETCATALOG_COMPILER_APPICON_NAME = AppIcon;
				CODE_SIGN_STYLE = Automatic;
				DEVELOPMENT_TEAM = EEGRNAPU89;
				INFOPLIST_FILE = FlightDetailsWatchOS/Info.plist;
				LD_RUNPATH_SEARCH_PATHS = (
					"$(inherited)",
					"@executable_path/Frameworks",
				);
				PRODUCT_BUNDLE_IDENTIFIER = com.FlightDetailsWatchOS;
				PRODUCT_NAME = "$(TARGET_NAME)";
				SWIFT_VERSION = 5.0;
				TARGETED_DEVICE_FAMILY = "1,2";
			};
			name = Release;
		};
/* End XCBuildConfiguration section */

/* Begin XCConfigurationList section */
		B6D69C5F22E004EF00C14C54 /* Build configuration list for PBXProject "FlightDetailsWatchOS" */ = {
			isa = XCConfigurationList;
			buildConfigurations = (
				B6D69C9122E004F300C14C54 /* Debug */,
				B6D69C9222E004F300C14C54 /* Release */,
			);
			defaultConfigurationIsVisible = 0;
			defaultConfigurationName = Release;
		};
		B6D69C9322E004F300C14C54 /* Build configuration list for PBXNativeTarget "FlightDetailsWatchOS WatchKit Extension" */ = {
			isa = XCConfigurationList;
			buildConfigurations = (
				B6D69C9422E004F300C14C54 /* Debug */,
				B6D69C9522E004F300C14C54 /* Release */,
			);
			defaultConfigurationIsVisible = 0;
			defaultConfigurationName = Release;
		};
		B6D69C9722E004F300C14C54 /* Build configuration list for PBXNativeTarget "FlightDetailsWatchOS WatchKit App" */ = {
			isa = XCConfigurationList;
			buildConfigurations = (
				B6D69C9822E004F300C14C54 /* Debug */,
				B6D69C9922E004F300C14C54 /* Release */,
			);
			defaultConfigurationIsVisible = 0;
			defaultConfigurationName = Release;
		};
		B6D69C9B22E004F300C14C54 /* Build configuration list for PBXNativeTarget "FlightDetailsWatchOS" */ = {
			isa = XCConfigurationList;
			buildConfigurations = (
				B6D69C9C22E004F300C14C54 /* Debug */,
				B6D69C9D22E004F300C14C54 /* Release */,
			);
			defaultConfigurationIsVisible = 0;
			defaultConfigurationName = Release;
		};
/* End XCConfigurationList section */
	};
	rootObject = B6D69C5C22E004EF00C14C54 /* Project object */;
}
